
Microsoft Visual Studio Solution File, Format Version 12.00
# Visual Studio Version 16
VisualStudioVersion = 16.0.30413.136
MinimumVisualStudioVersion = 10.0.40219.1
Project("{FAE04EC0-301F-11D3-BF4B-00C04F79EFBC}") = "BookStore", "BookStore\BookStore.csproj", "{9A8B2892-10F5-4523-B36A-2BD2A46FD147}"
EndProject
Global
	GlobalSection(SolutionConfigurationPlatforms) = preSolution
		Debug|Any CPU = Debug|Any CPU
		Release|Any CPU = Release|Any CPU
	EndGlobalSection
	GlobalSection(ProjectConfigurationPlatforms) = postSolution
		{9A8B2892-10F5-4523-B36A-2BD2A46FD147}.Debug|Any CPU.ActiveCfg = Debug|Any CPU
		{9A8B2892-10F5-4523-B36A-2BD2A46FD147}.Debug|Any CPU.Build.0 = Debug|Any CPU
		{9A8B2892-10F5-4523-B36A-2BD2A46FD147}.Release|Any CPU.ActiveCfg = Release|Any CPU
		{9A8B2892-10F5-4523-B36A-2BD2A46FD147}.Release|Any CPU.Build.0 = Release|Any CPU
	EndGlobalSection
	GlobalSection(SolutionProperties) = preSolution
		HideSolutionNode = FALSE
	EndGlobalSection
	GlobalSection(ExtensibilityGlobals) = postSolution
		SolutionGuid = {405BB30D-763C-4B51-959B-CE4AFA30838E}
	EndGlobalSection
EndGlobal
